
Microsoft Visual Studio Solution File, Format Version 12.00
# Visual Studio Version 17
VisualStudioVersion = 17.2.32602.215
MinimumVisualStudioVersion = 10.0.40219.1
Project("{FAE04EC0-301F-11D3-BF4B-00C04F79EFBC}") = "ServerSideTCPConnection", "TCPServer\ServerSideTCPConnection.csproj", "{A707DFA3-0F2A-468F-857B-3F0E6E500075}"
EndProject
Global
	GlobalSection(SolutionConfigurationPlatforms) = preSolution
		Debug|Any CPU = Debug|Any CPU
		Release|Any CPU = Release|Any CPU
	EndGlobalSection
	GlobalSection(ProjectConfigurationPlatforms) = postSolution
		{A707DFA3-0F2A-468F-857B-3F0E6E500075}.Debug|Any CPU.ActiveCfg = Debug|Any CPU
		{A707DFA3-0F2A-468F-857B-3F0E6E500075}.Debug|Any CPU.Build.0 = Debug|Any CPU
		{A707DFA3-0F2A-468F-857B-3F0E6E500075}.Release|Any CPU.ActiveCfg = Release|Any CPU
		{A707DFA3-0F2A-468F-857B-3F0E6E500075}.Release|Any CPU.Build.0 = Release|Any CPU
	EndGlobalSection
	GlobalSection(SolutionProperties) = preSolution
		HideSolutionNode = FALSE
	EndGlobalSection
	GlobalSection(ExtensibilityGlobals) = postSolution
		SolutionGuid = {4AA7E7A1-CA0C-4500-A4BD-1ED5D5E0B7C8}
	EndGlobalSection
EndGlobal
